
Microsoft Visual Studio Solution File, Format Version 12.00
# Visual Studio Version 17
VisualStudioVersion = 17.6.33801.468
MinimumVisualStudioVersion = 10.0.40219.1
Project("{FAE04EC0-301F-11D3-BF4B-00C04F79EFBC}") = "DotNetTask", "DotNetTask.csproj", "{FD982E8D-B584-433E-8829-514D017FE747}"
EndProject
Global
	GlobalSection(SolutionConfigurationPlatforms) = preSolution
		Debug|Any CPU = Debug|Any CPU
		Release|Any CPU = Release|Any CPU
	EndGlobalSection
	GlobalSection(ProjectConfigurationPlatforms) = postSolution
		{FD982E8D-B584-433E-8829-514D017FE747}.Debug|Any CPU.ActiveCfg = Debug|Any CPU
		{FD982E8D-B584-433E-8829-514D017FE747}.Debug|Any CPU.Build.0 = Debug|Any CPU
		{FD982E8D-B584-433E-8829-514D017FE747}.Release|Any CPU.ActiveCfg = Release|Any CPU
		{FD982E8D-B584-433E-8829-514D017FE747}.Release|Any CPU.Build.0 = Release|Any CPU
	EndGlobalSection
	GlobalSection(SolutionProperties) = preSolution
		HideSolutionNode = FALSE
	EndGlobalSection
	GlobalSection(ExtensibilityGlobals) = postSolution
		SolutionGuid = {5F52CCBC-4FE4-4E87-A868-22770EF9F99E}
	EndGlobalSection
EndGlobal
